
Microsoft Visual Studio Solution File, Format Version 12.00
# Visual Studio Version 17
VisualStudioVersion = 17.2.32630.192
MinimumVisualStudioVersion = 10.0.40219.1
Project("{2150E333-8FDC-42A3-9474-1A3956D46DE8}") = "Services", "Services", "{A1FA8AF4-1339-4392-A4DE-0822A1D93630}"
EndProject
Project("{2150E333-8FDC-42A3-9474-1A3956D46DE8}") = "Catalog", "Catalog", "{D9C1E657-0FFD-47BA-AB3F-B6BAA819DA3F}"
EndProject
Project("{9A19103F-16F7-4668-BE54-9A1E7A4F7556}") = "Catalog.API", "Services\Catalog\Catalog.API\Catalog.API.csproj", "{DFC67032-5298-41EA-8E8D-576A5038D714}"
EndProject
Project("{E53339B2-1760-4266-BCC7-CA923CBCF16C}") = "docker-compose", "docker-compose.dcproj", "{78AA1493-38C0-4573-9EF8-0ECED56AD642}"
EndProject
Project("{2150E333-8FDC-42A3-9474-1A3956D46DE8}") = "Basket", "Basket", "{322821C6-9FA4-46DA-A1F0-5BC764BF0D41}"
EndProject
Project("{FAE04EC0-301F-11D3-BF4B-00C04F79EFBC}") = "Basket.API", "Services\Basket\Basket.API\Basket.API.csproj", "{135BA49E-964A-482A-A5CF-12943D9B5351}"
EndProject
Project("{2150E333-8FDC-42A3-9474-1A3956D46DE8}") = "Discount", "Discount", "{8151F4F3-1550-438B-B261-F9BD2C10E80F}"
EndProject
Project("{FAE04EC0-301F-11D3-BF4B-00C04F79EFBC}") = "Discount.API", "Services\Discount\Discount.API\Discount.API.csproj", "{529394AA-5776-4FCD-88D5-F9F6BE796073}"
EndProject
Project("{FAE04EC0-301F-11D3-BF4B-00C04F79EFBC}") = "Discount.Grpc", "Services\Discount\Discount.Grpc\Discount.Grpc.csproj", "{E0B40429-2698-4E7D-B230-C6E6F21A7DA5}"
EndProject
Global
	GlobalSection(SolutionConfigurationPlatforms) = preSolution
		Debug|Any CPU = Debug|Any CPU
		Release|Any CPU = Release|Any CPU
	EndGlobalSection
	GlobalSection(ProjectConfigurationPlatforms) = postSolution
		{DFC67032-5298-41EA-8E8D-576A5038D714}.Debug|Any CPU.ActiveCfg = Debug|Any CPU
		{DFC67032-5298-41EA-8E8D-576A5038D714}.Debug|Any CPU.Build.0 = Debug|Any CPU
		{DFC67032-5298-41EA-8E8D-576A5038D714}.Release|Any CPU.ActiveCfg = Release|Any CPU
		{DFC67032-5298-41EA-8E8D-576A5038D714}.Release|Any CPU.Build.0 = Release|Any CPU
		{78AA1493-38C0-4573-9EF8-0ECED56AD642}.Debug|Any CPU.ActiveCfg = Debug|Any CPU
		{78AA1493-38C0-4573-9EF8-0ECED56AD642}.Debug|Any CPU.Build.0 = Debug|Any CPU
		{78AA1493-38C0-4573-9EF8-0ECED56AD642}.Release|Any CPU.ActiveCfg = Release|Any CPU
		{78AA1493-38C0-4573-9EF8-0ECED56AD642}.Release|Any CPU.Build.0 = Release|Any CPU
		{135BA49E-964A-482A-A5CF-12943D9B5351}.Debug|Any CPU.ActiveCfg = Debug|Any CPU
		{135BA49E-964A-482A-A5CF-12943D9B5351}.Debug|Any CPU.Build.0 = Debug|Any CPU
		{135BA49E-964A-482A-A5CF-12943D9B5351}.Release|Any CPU.ActiveCfg = Release|Any CPU
		{135BA49E-964A-482A-A5CF-12943D9B5351}.Release|Any CPU.Build.0 = Release|Any CPU
		{529394AA-5776-4FCD-88D5-F9F6BE796073}.Debug|Any CPU.ActiveCfg = Debug|Any CPU
		{529394AA-5776-4FCD-88D5-F9F6BE796073}.Debug|Any CPU.Build.0 = Debug|Any CPU
		{529394AA-5776-4FCD-88D5-F9F6BE796073}.Release|Any CPU.ActiveCfg = Release|Any CPU
		{529394AA-5776-4FCD-88D5-F9F6BE796073}.Release|Any CPU.Build.0 = Release|Any CPU
		{E0B40429-2698-4E7D-B230-C6E6F21A7DA5}.Debug|Any CPU.ActiveCfg = Debug|Any CPU
		{E0B40429-2698-4E7D-B230-C6E6F21A7DA5}.Debug|Any CPU.Build.0 = Debug|Any CPU
		{E0B40429-2698-4E7D-B230-C6E6F21A7DA5}.Release|Any CPU.ActiveCfg = Release|Any CPU
		{E0B40429-2698-4E7D-B230-C6E6F21A7DA5}.Release|Any CPU.Build.0 = Release|Any CPU
	EndGlobalSection
	GlobalSection(SolutionProperties) = preSolution
		HideSolutionNode = FALSE
	EndGlobalSection
	GlobalSection(NestedProjects) = preSolution
		{D9C1E657-0FFD-47BA-AB3F-B6BAA819DA3F} = {A1FA8AF4-1339-4392-A4DE-0822A1D93630}
		{DFC67032-5298-41EA-8E8D-576A5038D714} = {D9C1E657-0FFD-47BA-AB3F-B6BAA819DA3F}
		{322821C6-9FA4-46DA-A1F0-5BC764BF0D41} = {A1FA8AF4-1339-4392-A4DE-0822A1D93630}
		{135BA49E-964A-482A-A5CF-12943D9B5351} = {322821C6-9FA4-46DA-A1F0-5BC764BF0D41}
		{8151F4F3-1550-438B-B261-F9BD2C10E80F} = {A1FA8AF4-1339-4392-A4DE-0822A1D93630}
		{529394AA-5776-4FCD-88D5-F9F6BE796073} = {8151F4F3-1550-438B-B261-F9BD2C10E80F}
		{E0B40429-2698-4E7D-B230-C6E6F21A7DA5} = {8151F4F3-1550-438B-B261-F9BD2C10E80F}
	EndGlobalSection
	GlobalSection(ExtensibilityGlobals) = postSolution
		SolutionGuid = {76BCA79F-E62A-4857-A5B1-C50462D4F7C9}
	EndGlobalSection
EndGlobal
