
Microsoft Visual Studio Solution File, Format Version 12.00
# Visual Studio Version 17
VisualStudioVersion = 17.2.32630.192
MinimumVisualStudioVersion = 10.0.40219.1
Project("{2150E333-8FDC-42A3-9474-1A3956D46DE8}") = "Services", "Services", "{A1FA8AF4-1339-4392-A4DE-0822A1D93630}"
EndProject
Project("{2150E333-8FDC-42A3-9474-1A3956D46DE8}") = "Catalog", "Catalog", "{D9C1E657-0FFD-47BA-AB3F-B6BAA819DA3F}"
EndProject
Project("{9A19103F-16F7-4668-BE54-9A1E7A4F7556}") = "Catalog.API", "Services\Catalog\Catalog.API\Catalog.API.csproj", "{DFC67032-5298-41EA-8E8D-576A5038D714}"
EndProject
Project("{E53339B2-1760-4266-BCC7-CA923CBCF16C}") = "docker-compose", "docker-compose.dcproj", "{78AA1493-38C0-4573-9EF8-0ECED56AD642}"
EndProject
Project("{2150E333-8FDC-42A3-9474-1A3956D46DE8}") = "Basket", "Basket", "{322821C6-9FA4-46DA-A1F0-5BC764BF0D41}"
EndProject
Project("{FAE04EC0-301F-11D3-BF4B-00C04F79EFBC}") = "Basket.API", "Services\Basket\Basket.API\Basket.API.csproj", "{135BA49E-964A-482A-A5CF-12943D9B5351}"
EndProject
Project("{2150E333-8FDC-42A3-9474-1A3956D46DE8}") = "Discount", "Discount", "{8151F4F3-1550-438B-B261-F9BD2C10E80F}"
EndProject
Project("{FAE04EC0-301F-11D3-BF4B-00C04F79EFBC}") = "Discount.API", "Services\Discount\Discount.API\Discount.API.csproj", "{529394AA-5776-4FCD-88D5-F9F6BE796073}"
EndProject
Project("{FAE04EC0-301F-11D3-BF4B-00C04F79EFBC}") = "Discount.Grpc", "Services\Discount\Discount.Grpc\Discount.Grpc.csproj", "{E0B40429-2698-4E7D-B230-C6E6F21A7DA5}"
EndProject
Project("{2150E333-8FDC-42A3-9474-1A3956D46DE8}") = "Ordering", "Ordering", "{15DC0345-EDC1-4696-A52A-1B6F82E08F26}"
EndProject
Project("{FAE04EC0-301F-11D3-BF4B-00C04F79EFBC}") = "Ordering.API", "Services\Ordering\Ordering.API\Ordering.API.csproj", "{1B4C6265-02D6-4236-B777-46247123D813}"
EndProject
Project("{FAE04EC0-301F-11D3-BF4B-00C04F79EFBC}") = "Ordering.Domain", "Services\Ordering\Ordering.Domain\Ordering.Domain.csproj", "{D8E4E5E3-3E57-4256-8D12-85DA100B6426}"
EndProject
Project("{FAE04EC0-301F-11D3-BF4B-00C04F79EFBC}") = "Ordering.Application", "Services\Ordering\Ordering.Application\Ordering.Application.csproj", "{6566CED3-9C01-48F1-A3FD-401AABBB6479}"
EndProject
Project("{FAE04EC0-301F-11D3-BF4B-00C04F79EFBC}") = "Ordering.Infrastructure", "Services\Ordering\Ordering.Infrastructure\Ordering.Infrastructure.csproj", "{5E34B1AB-779A-4B75-A238-44AD254E1F60}"
EndProject
Project("{2150E333-8FDC-42A3-9474-1A3956D46DE8}") = "Building Blocks", "Building Blocks", "{58355435-E9F4-4BCC-89B0-290DEF032601}"
EndProject
Project("{FAE04EC0-301F-11D3-BF4B-00C04F79EFBC}") = "EventBus.Messages", "BuildingBlocks\EventBus.Messages\EventBus.Messages.csproj", "{3EADAD27-003B-4FDF-A17B-5976E80AC5EA}"
EndProject
Project("{2150E333-8FDC-42A3-9474-1A3956D46DE8}") = "ApiGateways", "ApiGateways", "{AEF0C599-57B6-4525-B740-3AF1E627AFCA}"
EndProject
Project("{FAE04EC0-301F-11D3-BF4B-00C04F79EFBC}") = "OcelotApiGateway", "ApiGateways\OcelotApiGateway\OcelotApiGateway.csproj", "{FDD1DA72-FFC4-435C-9D1C-3EF68D2F14E5}"
EndProject
Project("{FAE04EC0-301F-11D3-BF4B-00C04F79EFBC}") = "Shopping.Aggregator", "ApiGateways\Shopping.Aggregator\Shopping.Aggregator.csproj", "{95C8CB29-25E7-4040-A58C-B49935A38622}"
EndProject
Project("{2150E333-8FDC-42A3-9474-1A3956D46DE8}") = "WebApps", "WebApps", "{52F20D06-1F01-48B1-9117-DD4D8B48DFF6}"
EndProject
Project("{FAE04EC0-301F-11D3-BF4B-00C04F79EFBC}") = "AspnetRunBasics", "WebApps\AspnetRunBasics\AspnetRunBasics.csproj", "{83C8DE66-5EA8-4451-8B67-6183491E5873}"
EndProject
Project("{FAE04EC0-301F-11D3-BF4B-00C04F79EFBC}") = "Common.Logging", "BuildingBlocks\Common.Logging\Common.Logging.csproj", "{FD2703E8-CA5D-4A3F-A675-FA0693577150}"
EndProject
Project("{FAE04EC0-301F-11D3-BF4B-00C04F79EFBC}") = "Pollycies", "BuildingBlocks\Pollycies\Pollycies.csproj", "{2CECB0BB-F256-4C26-955C-CFF58A672FB5}"
EndProject
Project("{FAE04EC0-301F-11D3-BF4B-00C04F79EFBC}") = "HealthChecks", "BuildingBlocks\HealthChecks\HealthChecks.csproj", "{5A79249C-4C22-43BD-B592-2DAF5E20A9A9}"
EndProject
Project("{FAE04EC0-301F-11D3-BF4B-00C04F79EFBC}") = "WebStatus", "WebApps\WebStatus\WebStatus.csproj", "{F099D227-3356-4FD4-BB1B-1130FD486232}"
EndProject
Global
	GlobalSection(SolutionConfigurationPlatforms) = preSolution
		Debug|Any CPU = Debug|Any CPU
		Release|Any CPU = Release|Any CPU
	EndGlobalSection
	GlobalSection(ProjectConfigurationPlatforms) = postSolution
		{DFC67032-5298-41EA-8E8D-576A5038D714}.Debug|Any CPU.ActiveCfg = Debug|Any CPU
		{DFC67032-5298-41EA-8E8D-576A5038D714}.Debug|Any CPU.Build.0 = Debug|Any CPU
		{DFC67032-5298-41EA-8E8D-576A5038D714}.Release|Any CPU.ActiveCfg = Release|Any CPU
		{DFC67032-5298-41EA-8E8D-576A5038D714}.Release|Any CPU.Build.0 = Release|Any CPU
		{78AA1493-38C0-4573-9EF8-0ECED56AD642}.Debug|Any CPU.ActiveCfg = Debug|Any CPU
		{78AA1493-38C0-4573-9EF8-0ECED56AD642}.Debug|Any CPU.Build.0 = Debug|Any CPU
		{78AA1493-38C0-4573-9EF8-0ECED56AD642}.Release|Any CPU.ActiveCfg = Release|Any CPU
		{78AA1493-38C0-4573-9EF8-0ECED56AD642}.Release|Any CPU.Build.0 = Release|Any CPU
		{135BA49E-964A-482A-A5CF-12943D9B5351}.Debug|Any CPU.ActiveCfg = Debug|Any CPU
		{135BA49E-964A-482A-A5CF-12943D9B5351}.Debug|Any CPU.Build.0 = Debug|Any CPU
		{135BA49E-964A-482A-A5CF-12943D9B5351}.Release|Any CPU.ActiveCfg = Release|Any CPU
		{135BA49E-964A-482A-A5CF-12943D9B5351}.Release|Any CPU.Build.0 = Release|Any CPU
		{135BA49E-964A-482A-A5CF-12943D9B5351}.Debug|Any CPU.Deploy.0 = Debug|Any CPU
		{529394AA-5776-4FCD-88D5-F9F6BE796073}.Debug|Any CPU.ActiveCfg = Debug|Any CPU
		{529394AA-5776-4FCD-88D5-F9F6BE796073}.Debug|Any CPU.Build.0 = Debug|Any CPU
		{529394AA-5776-4FCD-88D5-F9F6BE796073}.Release|Any CPU.ActiveCfg = Release|Any CPU
		{529394AA-5776-4FCD-88D5-F9F6BE796073}.Release|Any CPU.Build.0 = Release|Any CPU
		{E0B40429-2698-4E7D-B230-C6E6F21A7DA5}.Debug|Any CPU.ActiveCfg = Debug|Any CPU
		{E0B40429-2698-4E7D-B230-C6E6F21A7DA5}.Debug|Any CPU.Build.0 = Debug|Any CPU
		{E0B40429-2698-4E7D-B230-C6E6F21A7DA5}.Release|Any CPU.ActiveCfg = Release|Any CPU
		{E0B40429-2698-4E7D-B230-C6E6F21A7DA5}.Release|Any CPU.Build.0 = Release|Any CPU
		{E0B40429-2698-4E7D-B230-C6E6F21A7DA5}.Debug|Any CPU.Deploy.0 = Debug|Any CPU
		{1B4C6265-02D6-4236-B777-46247123D813}.Debug|Any CPU.ActiveCfg = Debug|Any CPU
		{1B4C6265-02D6-4236-B777-46247123D813}.Debug|Any CPU.Build.0 = Debug|Any CPU
		{1B4C6265-02D6-4236-B777-46247123D813}.Release|Any CPU.ActiveCfg = Release|Any CPU
		{1B4C6265-02D6-4236-B777-46247123D813}.Release|Any CPU.Build.0 = Release|Any CPU
		{1B4C6265-02D6-4236-B777-46247123D813}.Debug|Any CPU.Deploy.0 = Debug|Any CPU
		{D8E4E5E3-3E57-4256-8D12-85DA100B6426}.Debug|Any CPU.ActiveCfg = Debug|Any CPU
		{D8E4E5E3-3E57-4256-8D12-85DA100B6426}.Debug|Any CPU.Build.0 = Debug|Any CPU
		{D8E4E5E3-3E57-4256-8D12-85DA100B6426}.Release|Any CPU.ActiveCfg = Release|Any CPU
		{D8E4E5E3-3E57-4256-8D12-85DA100B6426}.Release|Any CPU.Build.0 = Release|Any CPU
		{6566CED3-9C01-48F1-A3FD-401AABBB6479}.Debug|Any CPU.ActiveCfg = Debug|Any CPU
		{6566CED3-9C01-48F1-A3FD-401AABBB6479}.Debug|Any CPU.Build.0 = Debug|Any CPU
		{6566CED3-9C01-48F1-A3FD-401AABBB6479}.Release|Any CPU.ActiveCfg = Release|Any CPU
		{6566CED3-9C01-48F1-A3FD-401AABBB6479}.Release|Any CPU.Build.0 = Release|Any CPU
		{5E34B1AB-779A-4B75-A238-44AD254E1F60}.Debug|Any CPU.ActiveCfg = Debug|Any CPU
		{5E34B1AB-779A-4B75-A238-44AD254E1F60}.Debug|Any CPU.Build.0 = Debug|Any CPU
		{5E34B1AB-779A-4B75-A238-44AD254E1F60}.Release|Any CPU.ActiveCfg = Release|Any CPU
		{5E34B1AB-779A-4B75-A238-44AD254E1F60}.Release|Any CPU.Build.0 = Release|Any CPU
		{3EADAD27-003B-4FDF-A17B-5976E80AC5EA}.Debug|Any CPU.ActiveCfg = Debug|Any CPU
		{3EADAD27-003B-4FDF-A17B-5976E80AC5EA}.Debug|Any CPU.Build.0 = Debug|Any CPU
		{3EADAD27-003B-4FDF-A17B-5976E80AC5EA}.Release|Any CPU.ActiveCfg = Release|Any CPU
		{3EADAD27-003B-4FDF-A17B-5976E80AC5EA}.Release|Any CPU.Build.0 = Release|Any CPU
		{FDD1DA72-FFC4-435C-9D1C-3EF68D2F14E5}.Debug|Any CPU.ActiveCfg = Debug|Any CPU
		{FDD1DA72-FFC4-435C-9D1C-3EF68D2F14E5}.Debug|Any CPU.Build.0 = Debug|Any CPU
		{FDD1DA72-FFC4-435C-9D1C-3EF68D2F14E5}.Release|Any CPU.ActiveCfg = Release|Any CPU
		{FDD1DA72-FFC4-435C-9D1C-3EF68D2F14E5}.Release|Any CPU.Build.0 = Release|Any CPU
		{95C8CB29-25E7-4040-A58C-B49935A38622}.Debug|Any CPU.ActiveCfg = Debug|Any CPU
		{95C8CB29-25E7-4040-A58C-B49935A38622}.Debug|Any CPU.Build.0 = Debug|Any CPU
		{95C8CB29-25E7-4040-A58C-B49935A38622}.Release|Any CPU.ActiveCfg = Release|Any CPU
		{95C8CB29-25E7-4040-A58C-B49935A38622}.Release|Any CPU.Build.0 = Release|Any CPU
		{83C8DE66-5EA8-4451-8B67-6183491E5873}.Debug|Any CPU.ActiveCfg = Debug|Any CPU
		{83C8DE66-5EA8-4451-8B67-6183491E5873}.Debug|Any CPU.Build.0 = Debug|Any CPU
		{83C8DE66-5EA8-4451-8B67-6183491E5873}.Release|Any CPU.ActiveCfg = Release|Any CPU
		{83C8DE66-5EA8-4451-8B67-6183491E5873}.Release|Any CPU.Build.0 = Release|Any CPU
		{FD2703E8-CA5D-4A3F-A675-FA0693577150}.Debug|Any CPU.ActiveCfg = Debug|Any CPU
		{FD2703E8-CA5D-4A3F-A675-FA0693577150}.Debug|Any CPU.Build.0 = Debug|Any CPU
		{FD2703E8-CA5D-4A3F-A675-FA0693577150}.Release|Any CPU.ActiveCfg = Release|Any CPU
		{FD2703E8-CA5D-4A3F-A675-FA0693577150}.Release|Any CPU.Build.0 = Release|Any CPU
		{2CECB0BB-F256-4C26-955C-CFF58A672FB5}.Debug|Any CPU.ActiveCfg = Debug|Any CPU
		{2CECB0BB-F256-4C26-955C-CFF58A672FB5}.Debug|Any CPU.Build.0 = Debug|Any CPU
		{2CECB0BB-F256-4C26-955C-CFF58A672FB5}.Release|Any CPU.ActiveCfg = Release|Any CPU
		{2CECB0BB-F256-4C26-955C-CFF58A672FB5}.Release|Any CPU.Build.0 = Release|Any CPU
		{5A79249C-4C22-43BD-B592-2DAF5E20A9A9}.Debug|Any CPU.ActiveCfg = Debug|Any CPU
		{5A79249C-4C22-43BD-B592-2DAF5E20A9A9}.Debug|Any CPU.Build.0 = Debug|Any CPU
		{5A79249C-4C22-43BD-B592-2DAF5E20A9A9}.Release|Any CPU.ActiveCfg = Release|Any CPU
		{5A79249C-4C22-43BD-B592-2DAF5E20A9A9}.Release|Any CPU.Build.0 = Release|Any CPU
		{F099D227-3356-4FD4-BB1B-1130FD486232}.Debug|Any CPU.ActiveCfg = Debug|Any CPU
		{F099D227-3356-4FD4-BB1B-1130FD486232}.Debug|Any CPU.Build.0 = Debug|Any CPU
		{F099D227-3356-4FD4-BB1B-1130FD486232}.Release|Any CPU.ActiveCfg = Release|Any CPU
		{F099D227-3356-4FD4-BB1B-1130FD486232}.Release|Any CPU.Build.0 = Release|Any CPU
	EndGlobalSection
	GlobalSection(SolutionProperties) = preSolution
		HideSolutionNode = FALSE
	EndGlobalSection
	GlobalSection(NestedProjects) = preSolution
		{D9C1E657-0FFD-47BA-AB3F-B6BAA819DA3F} = {A1FA8AF4-1339-4392-A4DE-0822A1D93630}
		{DFC67032-5298-41EA-8E8D-576A5038D714} = {D9C1E657-0FFD-47BA-AB3F-B6BAA819DA3F}
		{322821C6-9FA4-46DA-A1F0-5BC764BF0D41} = {A1FA8AF4-1339-4392-A4DE-0822A1D93630}
		{135BA49E-964A-482A-A5CF-12943D9B5351} = {322821C6-9FA4-46DA-A1F0-5BC764BF0D41}
		{8151F4F3-1550-438B-B261-F9BD2C10E80F} = {A1FA8AF4-1339-4392-A4DE-0822A1D93630}
		{529394AA-5776-4FCD-88D5-F9F6BE796073} = {8151F4F3-1550-438B-B261-F9BD2C10E80F}
		{E0B40429-2698-4E7D-B230-C6E6F21A7DA5} = {8151F4F3-1550-438B-B261-F9BD2C10E80F}
		{15DC0345-EDC1-4696-A52A-1B6F82E08F26} = {A1FA8AF4-1339-4392-A4DE-0822A1D93630}
		{1B4C6265-02D6-4236-B777-46247123D813} = {15DC0345-EDC1-4696-A52A-1B6F82E08F26}
		{D8E4E5E3-3E57-4256-8D12-85DA100B6426} = {15DC0345-EDC1-4696-A52A-1B6F82E08F26}
		{6566CED3-9C01-48F1-A3FD-401AABBB6479} = {15DC0345-EDC1-4696-A52A-1B6F82E08F26}
		{5E34B1AB-779A-4B75-A238-44AD254E1F60} = {15DC0345-EDC1-4696-A52A-1B6F82E08F26}
		{3EADAD27-003B-4FDF-A17B-5976E80AC5EA} = {58355435-E9F4-4BCC-89B0-290DEF032601}
		{FDD1DA72-FFC4-435C-9D1C-3EF68D2F14E5} = {AEF0C599-57B6-4525-B740-3AF1E627AFCA}
		{95C8CB29-25E7-4040-A58C-B49935A38622} = {AEF0C599-57B6-4525-B740-3AF1E627AFCA}
		{83C8DE66-5EA8-4451-8B67-6183491E5873} = {52F20D06-1F01-48B1-9117-DD4D8B48DFF6}
		{FD2703E8-CA5D-4A3F-A675-FA0693577150} = {58355435-E9F4-4BCC-89B0-290DEF032601}
		{2CECB0BB-F256-4C26-955C-CFF58A672FB5} = {58355435-E9F4-4BCC-89B0-290DEF032601}
		{5A79249C-4C22-43BD-B592-2DAF5E20A9A9} = {58355435-E9F4-4BCC-89B0-290DEF032601}
		{F099D227-3356-4FD4-BB1B-1130FD486232} = {52F20D06-1F01-48B1-9117-DD4D8B48DFF6}
	EndGlobalSection
	GlobalSection(ExtensibilityGlobals) = postSolution
		SolutionGuid = {76BCA79F-E62A-4857-A5B1-C50462D4F7C9}
	EndGlobalSection
EndGlobal
